
Microsoft Visual Studio Solution File, Format Version 12.00
# Visual Studio Version 16
VisualStudioVersion = 16.0.30406.217
MinimumVisualStudioVersion = 10.0.40219.1
Project("{9A19103F-16F7-4668-BE54-9A1E7A4F7556}") = "ZhangZuqi.Core.WebApi", "ZhangZuqi.Core.WebApi\ZhangZuqi.Core.WebApi.csproj", "{F54E4CE3-35CC-446E-BD33-3C310731DE59}"
EndProject
Project("{FAE04EC0-301F-11D3-BF4B-00C04F79EFBC}") = "ZhangZuqi.Core.AuthenticationCenter", "ZhangZuqi.Core.AuthenticationCenter\ZhangZuqi.Core.AuthenticationCenter.csproj", "{D297DCF6-3572-4F3C-86CA-557FE5971F60}"
EndProject
Global
	GlobalSection(SolutionConfigurationPlatforms) = preSolution
		Debug|Any CPU = Debug|Any CPU
		Release|Any CPU = Release|Any CPU
	EndGlobalSection
	GlobalSection(ProjectConfigurationPlatforms) = postSolution
		{F54E4CE3-35CC-446E-BD33-3C310731DE59}.Debug|Any CPU.ActiveCfg = Debug|Any CPU
		{F54E4CE3-35CC-446E-BD33-3C310731DE59}.Debug|Any CPU.Build.0 = Debug|Any CPU
		{F54E4CE3-35CC-446E-BD33-3C310731DE59}.Release|Any CPU.ActiveCfg = Release|Any CPU
		{F54E4CE3-35CC-446E-BD33-3C310731DE59}.Release|Any CPU.Build.0 = Release|Any CPU
		{D297DCF6-3572-4F3C-86CA-557FE5971F60}.Debug|Any CPU.ActiveCfg = Debug|Any CPU
		{D297DCF6-3572-4F3C-86CA-557FE5971F60}.Debug|Any CPU.Build.0 = Debug|Any CPU
		{D297DCF6-3572-4F3C-86CA-557FE5971F60}.Release|Any CPU.ActiveCfg = Release|Any CPU
		{D297DCF6-3572-4F3C-86CA-557FE5971F60}.Release|Any CPU.Build.0 = Release|Any CPU
	EndGlobalSection
	GlobalSection(SolutionProperties) = preSolution
		HideSolutionNode = FALSE
	EndGlobalSection
	GlobalSection(ExtensibilityGlobals) = postSolution
		SolutionGuid = {0F3F2B40-1389-4245-87D6-D0BAE9E8EEA3}
	EndGlobalSection
EndGlobal
